
Microsoft Visual Studio Solution File, Format Version 12.00
# Visual Studio Version 17
VisualStudioVersion = 17.7.34018.315
MinimumVisualStudioVersion = 10.0.40219.1
Project("{FAE04EC0-301F-11D3-BF4B-00C04F79EFBC}") = "PropertyGridControl", "PropertyGridControl\PropertyGridControl.csproj", "{B1D45738-EC90-4ACC-9730-722A9454398C}"
EndProject
Project("{FAE04EC0-301F-11D3-BF4B-00C04F79EFBC}") = "PropertyGridControlTestEnv", "PropertyGridControlTestEnv\PropertyGridControlTestEnv.csproj", "{DFEAD569-AA0B-47AB-B094-7592C68E42DB}"
EndProject
Global
	GlobalSection(SolutionConfigurationPlatforms) = preSolution
		Debug|Any CPU = Debug|Any CPU
		Release|Any CPU = Release|Any CPU
	EndGlobalSection
	GlobalSection(ProjectConfigurationPlatforms) = postSolution
		{B1D45738-EC90-4ACC-9730-722A9454398C}.Debug|Any CPU.ActiveCfg = Debug|Any CPU
		{B1D45738-EC90-4ACC-9730-722A9454398C}.Debug|Any CPU.Build.0 = Debug|Any CPU
		{B1D45738-EC90-4ACC-9730-722A9454398C}.Release|Any CPU.ActiveCfg = Release|Any CPU
		{B1D45738-EC90-4ACC-9730-722A9454398C}.Release|Any CPU.Build.0 = Release|Any CPU
		{DFEAD569-AA0B-47AB-B094-7592C68E42DB}.Debug|Any CPU.ActiveCfg = Debug|Any CPU
		{DFEAD569-AA0B-47AB-B094-7592C68E42DB}.Debug|Any CPU.Build.0 = Debug|Any CPU
		{DFEAD569-AA0B-47AB-B094-7592C68E42DB}.Release|Any CPU.ActiveCfg = Release|Any CPU
		{DFEAD569-AA0B-47AB-B094-7592C68E42DB}.Release|Any CPU.Build.0 = Release|Any CPU
	EndGlobalSection
	GlobalSection(SolutionProperties) = preSolution
		HideSolutionNode = FALSE
	EndGlobalSection
	GlobalSection(ExtensibilityGlobals) = postSolution
		SolutionGuid = {5DA7D68C-4153-4809-93A9-58E0D63B23C2}
	EndGlobalSection
EndGlobal
