
Microsoft Visual Studio Solution File, Format Version 12.00
# Visual Studio Version 17
VisualStudioVersion = 17.10.35013.160
MinimumVisualStudioVersion = 10.0.40219.1
Project("{FAE04EC0-301F-11D3-BF4B-00C04F79EFBC}") = "PropertyGridControl", "PropertyGridControl\PropertyGridControl.csproj", "{9F79E02A-B988-4E53-B7A9-71B8E552D86D}"
EndProject
Project("{FAE04EC0-301F-11D3-BF4B-00C04F79EFBC}") = "PropertyGridControlTestEnv", "PropertyGridControlTestEnv\PropertyGridControlTestEnv.csproj", "{B228EA3F-4F2A-4222-A095-106346D42184}"
EndProject
Global
	GlobalSection(SolutionConfigurationPlatforms) = preSolution
		Debug|Any CPU = Debug|Any CPU
		Release|Any CPU = Release|Any CPU
	EndGlobalSection
	GlobalSection(ProjectConfigurationPlatforms) = postSolution
		{9F79E02A-B988-4E53-B7A9-71B8E552D86D}.Debug|Any CPU.ActiveCfg = Debug|Any CPU
		{9F79E02A-B988-4E53-B7A9-71B8E552D86D}.Debug|Any CPU.Build.0 = Debug|Any CPU
		{9F79E02A-B988-4E53-B7A9-71B8E552D86D}.Release|Any CPU.ActiveCfg = Release|Any CPU
		{9F79E02A-B988-4E53-B7A9-71B8E552D86D}.Release|Any CPU.Build.0 = Release|Any CPU
		{B228EA3F-4F2A-4222-A095-106346D42184}.Debug|Any CPU.ActiveCfg = Debug|Any CPU
		{B228EA3F-4F2A-4222-A095-106346D42184}.Debug|Any CPU.Build.0 = Debug|Any CPU
		{B228EA3F-4F2A-4222-A095-106346D42184}.Release|Any CPU.ActiveCfg = Release|Any CPU
		{B228EA3F-4F2A-4222-A095-106346D42184}.Release|Any CPU.Build.0 = Release|Any CPU
	EndGlobalSection
	GlobalSection(SolutionProperties) = preSolution
		HideSolutionNode = FALSE
	EndGlobalSection
	GlobalSection(ExtensibilityGlobals) = postSolution
		SolutionGuid = {1F168BD4-E457-410C-823A-11DD33EF2F5E}
	EndGlobalSection
EndGlobal
